// !$*UTF8*$!
{
	archiveVersion = 1;
	classes = {
	};
	objectVersion = 50;
	objects = {

/* Begin PBXBuildFile section */
		F8804CFC25AC9F000032D089 /* AppDelegate.swift in Sources */ = {isa = PBXBuildFile; fileRef = F8804CFB25AC9F000032D089 /* AppDelegate.swift */; };
		F8804CFE25AC9F000032D089 /* SceneDelegate.swift in Sources */ = {isa = PBXBuildFile; fileRef = F8804CFD25AC9F000032D089 /* SceneDelegate.swift */; };
		F8804D0025AC9F000032D089 /* ViewController.swift in Sources */ = {isa = PBXBuildFile; fileRef = F8804CFF25AC9F000032D089 /* ViewController.swift */; };
		F8804D0325AC9F000032D089 /* Main.storyboard in Resources */ = {isa = PBXBuildFile; fileRef = F8804D0125AC9F000032D089 /* Main.storyboard */; };
		F8804D0525AC9F020032D089 /* Assets.xcassets in Resources */ = {isa = PBXBuildFile; fileRef = F8804D0425AC9F020032D089 /* Assets.xcassets */; };
		F8804D0825AC9F020032D089 /* LaunchScreen.storyboard in Resources */ = {isa = PBXBuildFile; fileRef = F8804D0625AC9F020032D089 /* LaunchScreen.storyboard */; };
/* End PBXBuildFile section */

/* Begin PBXFileReference section */
		F8804CF825AC9F000032D089 /* UrbanHeroApplication.app */ = {isa = PBXFileReference; explicitFileType = wrapper.application; includeInIndex = 0; path = UrbanHeroApplication.app; sourceTree = BUILT_PRODUCTS_DIR; };
		F8804CFB25AC9F000032D089 /* AppDelegate.swift */ = {isa = PBXFileReference; lastKnownFileType = sourcecode.swift; path = AppDelegate.swift; sourceTree = "<group>"; };
		F8804CFD25AC9F000032D089 /* SceneDelegate.swift */ = {isa = PBXFileReference; lastKnownFileType = sourcecode.swift; path = SceneDelegate.swift; sourceTree = "<group>"; };
		F8804CFF25AC9F000032D089 /* ViewController.swift */ = {isa = PBXFileReference; lastKnownFileType = sourcecode.swift; path = ViewController.swift; sourceTree = "<group>"; };
		F8804D0225AC9F000032D089 /* Base */ = {isa = PBXFileReference; lastKnownFileType = file.storyboard; name = Base; path = Base.lproj/Main.storyboard; sourceTree = "<group>"; };
		F8804D0425AC9F020032D089 /* Assets.xcassets */ = {isa = PBXFileReference; lastKnownFileType = folder.assetcatalog; path = Assets.xcassets; sourceTree = "<group>"; };
		F8804D0725AC9F020032D089 /* Base */ = {isa = PBXFileReference; lastKnownFileType = file.storyboard; name = Base; path = Base.lproj/LaunchScreen.storyboard; sourceTree = "<group>"; };
		F8804D0925AC9F020032D089 /* Info.plist */ = {isa = PBXFileReference; lastKnownFileType = text.plist.xml; path = Info.plist; sourceTree = "<group>"; };
/* End PBXFileReference section */

/* Begin PBXFrameworksBuildPhase section */
		F8804CF525AC9EFF0032D089 /* Frameworks */ = {
			isa = PBXFrameworksBuildPhase;
			buildActionMask = 2147483647;
			files = (
			);
			runOnlyForDeploymentPostprocessing = 0;
		};
/* End PBXFrameworksBuildPhase section */

/* Begin PBXGroup section */
		F8804CEF25AC9EFF0032D089 = {
			isa = PBXGroup;
			children = (
				F8804CFA25AC9F000032D089 /* UrbanHeroApplication */,
				F8804CF925AC9F000032D089 /* Products */,
			);
			sourceTree = "<group>";
		};
		F8804CF925AC9F000032D089 /* Products */ = {
			isa = PBXGroup;
			children = (
				F8804CF825AC9F000032D089 /* UrbanHeroApplication.app */,
			);
			name = Products;
			sourceTree = "<group>";
		};
		F8804CFA25AC9F000032D089 /* UrbanHeroApplication */ = {
			isa = PBXGroup;
			children = (
				F8804CFB25AC9F000032D089 /* AppDelegate.swift */,
				F8804CFD25AC9F000032D089 /* SceneDelegate.swift */,
				F8804CFF25AC9F000032D089 /* ViewController.swift */,
				F8804D0125AC9F000032D089 /* Main.storyboard */,
				F8804D0425AC9F020032D089 /* Assets.xcassets */,
				F8804D0625AC9F020032D089 /* LaunchScreen.storyboard */,
				F8804D0925AC9F020032D089 /* Info.plist */,
			);
			path = UrbanHeroApplication;
			sourceTree = "<group>";
		};
/* End PBXGroup section */

/* Begin PBXNativeTarget section */
		F8804CF725AC9EFF0032D089 /* UrbanHeroApplication */ = {
			isa = PBXNativeTarget;
			buildConfigurationList = F8804D0C25AC9F020032D089 /* Build configuration list for PBXNativeTarget "UrbanHeroApplication" */;
			buildPhases = (
				F8804CF425AC9EFF0032D089 /* Sources */,
				F8804CF525AC9EFF0032D089 /* Frameworks */,
				F8804CF625AC9EFF0032D089 /* Resources */,
			);
			buildRules = (
			);
			dependencies = (
			);
			name = UrbanHeroApplication;
			productName = UrbanHeroApplication;
			productReference = F8804CF825AC9F000032D089 /* UrbanHeroApplication.app */;
			productType = "com.apple.product-type.application";
		};
/* End PBXNativeTarget section */

/* Begin PBXProject section */
		F8804CF025AC9EFF0032D089 /* Project object */ = {
			isa = PBXProject;
			attributes = {
				LastSwiftUpdateCheck = 1130;
				LastUpgradeCheck = 1130;
				ORGANIZATIONNAME = "Stefan Kjoropanovski-Resen";
				TargetAttributes = {
					F8804CF725AC9EFF0032D089 = {
						CreatedOnToolsVersion = 11.3.1;
					};
				};
			};
			buildConfigurationList = F8804CF325AC9EFF0032D089 /* Build configuration list for PBXProject "UrbanHeroApplication" */;
			compatibilityVersion = "Xcode 9.3";
			developmentRegion = en;
			hasScannedForEncodings = 0;
			knownRegions = (
				en,
				Base,
			);
			mainGroup = F8804CEF25AC9EFF0032D089;
			productRefGroup = F8804CF925AC9F000032D089 /* Products */;
			projectDirPath = "";
			projectRoot = "";
			targets = (
				F8804CF725AC9EFF0032D089 /* UrbanHeroApplication */,
			);
		};
/* End PBXProject section */

/* Begin PBXResourcesBuildPhase section */
		F8804CF625AC9EFF0032D089 /* Resources */ = {
			isa = PBXResourcesBuildPhase;
			buildActionMask = 2147483647;
			files = (
				F8804D0825AC9F020032D089 /* LaunchScreen.storyboard in Resources */,
				F8804D0525AC9F020032D089 /* Assets.xcassets in Resources */,
				F8804D0325AC9F000032D089 /* Main.storyboard in Resources */,
			);
			runOnlyForDeploymentPostprocessing = 0;
		};
/* End PBXResourcesBuildPhase section */

/* Begin PBXSourcesBuildPhase section */
		F8804CF425AC9EFF0032D089 /* Sources */ = {
			isa = PBXSourcesBuildPhase;
			buildActionMask = 2147483647;
			files = (
				F8804D0025AC9F000032D089 /* ViewController.swift in Sources */,
				F8804CFC25AC9F000032D089 /* AppDelegate.swift in Sources */,
				F8804CFE25AC9F000032D089 /* SceneDelegate.swift in Sources */,
			);
			runOnlyForDeploymentPostprocessing = 0;
		};
/* End PBXSourcesBuildPhase section */

/* Begin PBXVariantGroup section */
		F8804D0125AC9F000032D089 /* Main.storyboard */ = {
			isa = PBXVariantGroup;
			children = (
				F8804D0225AC9F000032D089 /* Base */,
			);
			name = Main.storyboard;
			sourceTree = "<group>";
		};
		F8804D0625AC9F020032D089 /* LaunchScreen.storyboard */ = {
			isa = PBXVariantGroup;
			children = (
				F8804D0725AC9F020032D089 /* Base */,
			);
			name = LaunchScreen.storyboard;
			sourceTree = "<group>";
		};
/* End PBXVariantGroup section */

/* Begin XCBuildConfiguration section */
		F8804D0A25AC9F020032D089 /* Debug */ = {
			isa = XCBuildConfiguration;
			buildSettings = {
				ALWAYS_SEARCH_USER_PATHS = NO;
				CLANG_ANALYZER_NONNULL = YES;
				CLANG_ANALYZER_NUMBER_OBJECT_CONVERSION = YES_AGGRESSIVE;
				CLANG_CXX_LANGUAGE_STANDARD = "gnu++14";
				CLANG_CXX_LIBRARY = "libc++";
				CLANG_ENABLE_MODULES = YES;
				CLANG_ENABLE_OBJC_ARC = YES;
				CLANG_ENABLE_OBJC_WEAK = YES;
				CLANG_WARN_BLOCK_CAPTURE_AUTORELEASING = YES;
				CLANG_WARN_BOOL_CONVERSION = YES;
				CLANG_WARN_COMMA = YES;
				CLANG_WARN_CONSTANT_CONVERSION = YES;
				CLANG_WARN_DEPRECATED_OBJC_IMPLEMENTATIONS = YES;
				CLANG_WARN_DIRECT_OBJC_ISA_USAGE = YES_ERROR;
				CLANG_WARN_DOCUMENTATION_COMMENTS = YES;
				CLANG_WARN_EMPTY_BODY = YES;
				CLANG_WARN_ENUM_CONVERSION = YES;
				CLANG_WARN_INFINITE_RECURSION = YES;
				CLANG_WARN_INT_CONVERSION = YES;
				CLANG_WARN_NON_LITERAL_NULL_CONVERSION = YES;
				CLANG_WARN_OBJC_IMPLICIT_RETAIN_SELF = YES;
				CLANG_WARN_OBJC_LITERAL_CONVERSION = YES;
				CLANG_WARN_OBJC_ROOT_CLASS = YES_ERROR;
				CLANG_WARN_RANGE_LOOP_ANALYSIS = YES;
				CLANG_WARN_STRICT_PROTOTYPES = YES;
				CLANG_WARN_SUSPICIOUS_MOVE = YES;
				CLANG_WARN_UNGUARDED_AVAILABILITY = YES_AGGRESSIVE;
				CLANG_WARN_UNREACHABLE_CODE = YES;
				CLANG_WARN__DUPLICATE_METHOD_MATCH = YES;
				COPY_PHASE_STRIP = NO;
				DEBUG_INFORMATION_FORMAT = dwarf;
				ENABLE_STRICT_OBJC_MSGSEND = YES;
				ENABLE_TESTABILITY = YES;
				GCC_C_LANGUAGE_STANDARD = gnu11;
				GCC_DYNAMIC_NO_PIC = NO;
				GCC_NO_COMMON_BLOCKS = YES;
				GCC_OPTIMIZATION_LEVEL = 0;
				GCC_PREPROCESSOR_DEFINITIONS = (
					"DEBUG=1",
					"$(inherited)",
				);
				GCC_WARN_64_TO_32_BIT_CONVERSION = YES;
				GCC_WARN_ABOUT_RETURN_TYPE = YES_ERROR;
				GCC_WARN_UNDECLARED_SELECTOR = YES;
				GCC_WARN_UNINITIALIZED_AUTOS = YES_AGGRESSIVE;
				GCC_WARN_UNUSED_FUNCTION = YES;
				GCC_WARN_UNUSED_VARIABLE = YES;
				IPHONEOS_DEPLOYMENT_TARGET = 13.2;
				MTL_ENABLE_DEBUG_INFO = INCLUDE_SOURCE;
				MTL_FAST_MATH = YES;
				ONLY_ACTIVE_ARCH = YES;
				SDKROOT = iphoneos;
				SWIFT_ACTIVE_COMPILATION_CONDITIONS = DEBUG;
				SWIFT_OPTIMIZATION_LEVEL = "-Onone";
			};
			name = Debug;
		};
		F8804D0B25AC9F020032D089 /* Release */ = {
			isa = XCBuildConfiguration;
			buildSettings = {
				ALWAYS_SEARCH_USER_PATHS = NO;
				CLANG_ANALYZER_NONNULL = YES;
				CLANG_ANALYZER_NUMBER_OBJECT_CONVERSION = YES_AGGRESSIVE;
				CLANG_CXX_LANGUAGE_STANDARD = "gnu++14";
				CLANG_CXX_LIBRARY = "libc++";
				CLANG_ENABLE_MODULES = YES;
				CLANG_ENABLE_OBJC_ARC = YES;
				CLANG_ENABLE_OBJC_WEAK = YES;
				CLANG_WARN_BLOCK_CAPTURE_AUTORELEASING = YES;
				CLANG_WARN_BOOL_CONVERSION = YES;
				CLANG_WARN_COMMA = YES;
				CLANG_WARN_CONSTANT_CONVERSION = YES;
				CLANG_WARN_DEPRECATED_OBJC_IMPLEMENTATIONS = YES;
				CLANG_WARN_DIRECT_OBJC_ISA_USAGE = YES_ERROR;
				CLANG_WARN_DOCUMENTATION_COMMENTS = YES;
				CLANG_WARN_EMPTY_BODY = YES;
				CLANG_WARN_ENUM_CONVERSION = YES;
				CLANG_WARN_INFINITE_RECURSION = YES;
				CLANG_WARN_INT_CONVERSION = YES;
				CLANG_WARN_NON_LITERAL_NULL_CONVERSION = YES;
				CLANG_WARN_OBJC_IMPLICIT_RETAIN_SELF = YES;
				CLANG_WARN_OBJC_LITERAL_CONVERSION = YES;
				CLANG_WARN_OBJC_ROOT_CLASS = YES_ERROR;
				CLANG_WARN_RANGE_LOOP_ANALYSIS = YES;
				CLANG_WARN_STRICT_PROTOTYPES = YES;
				CLANG_WARN_SUSPICIOUS_MOVE = YES;
				CLANG_WARN_UNGUARDED_AVAILABILITY = YES_AGGRESSIVE;
				CLANG_WARN_UNREACHABLE_CODE = YES;
				CLANG_WARN__DUPLICATE_METHOD_MATCH = YES;
				COPY_PHASE_STRIP = NO;
				DEBUG_INFORMATION_FORMAT = "dwarf-with-dsym";
				ENABLE_NS_ASSERTIONS = NO;
				ENABLE_STRICT_OBJC_MSGSEND = YES;
				GCC_C_LANGUAGE_STANDARD = gnu11;
				GCC_NO_COMMON_BLOCKS = YES;
				GCC_WARN_64_TO_32_BIT_CONVERSION = YES;
				GCC_WARN_ABOUT_RETURN_TYPE = YES_ERROR;
				GCC_WARN_UNDECLARED_SELECTOR = YES;
				GCC_WARN_UNINITIALIZED_AUTOS = YES_AGGRESSIVE;
				GCC_WARN_UNUSED_FUNCTION = YES;
				GCC_WARN_UNUSED_VARIABLE = YES;
				IPHONEOS_DEPLOYMENT_TARGET = 13.2;
				MTL_ENABLE_DEBUG_INFO = NO;
				MTL_FAST_MATH = YES;
				SDKROOT = iphoneos;
				SWIFT_COMPILATION_MODE = wholemodule;
				SWIFT_OPTIMIZATION_LEVEL = "-O";
				VALIDATE_PRODUCT = YES;
			};
			name = Release;
		};
		F8804D0D25AC9F020032D089 /* Debug */ = {
			isa = XCBuildConfiguration;
			buildSettings = {
				ASSETCATALOG_COMPILER_APPICON_NAME = AppIcon;
				CODE_SIGN_STYLE = Automatic;
				DEVELOPMENT_TEAM = HAG5TDM26T;
				INFOPLIST_FILE = UrbanHeroApplication/Info.plist;
				LD_RUNPATH_SEARCH_PATHS = (
					"$(inherited)",
					"@executable_path/Frameworks",
				);
				PRODUCT_BUNDLE_IDENTIFIER = Feit.UrbanHeroApplication;
				PRODUCT_NAME = "$(TARGET_NAME)";
				SWIFT_VERSION = 5.0;
				TARGETED_DEVICE_FAMILY = "1,2";
			};
			name = Debug;
		};
		F8804D0E25AC9F020032D089 /* Release */ = {
			isa = XCBuildConfiguration;
			buildSettings = {
				ASSETCATALOG_COMPILER_APPICON_NAME = AppIcon;
				CODE_SIGN_STYLE = Automatic;
				DEVELOPMENT_TEAM = HAG5TDM26T;
				INFOPLIST_FILE = UrbanHeroApplication/Info.plist;
				LD_RUNPATH_SEARCH_PATHS = (
					"$(inherited)",
					"@executable_path/Frameworks",
				);
				PRODUCT_BUNDLE_IDENTIFIER = Feit.UrbanHeroApplication;
				PRODUCT_NAME = "$(TARGET_NAME)";
				SWIFT_VERSION = 5.0;
				TARGETED_DEVICE_FAMILY = "1,2";
			};
			name = Release;
		};
/* End XCBuildConfiguration section */

/* Begin XCConfigurationList section */
		F8804CF325AC9EFF0032D089 /* Build configuration list for PBXProject "UrbanHeroApplication" */ = {
			isa = XCConfigurationList;
			buildConfigurations = (
				F8804D0A25AC9F020032D089 /* Debug */,
				F8804D0B25AC9F020032D089 /* Release */,
			);
			defaultConfigurationIsVisible = 0;
			defaultConfigurationName = Release;
		};
		F8804D0C25AC9F020032D089 /* Build configuration list for PBXNativeTarget "UrbanHeroApplication" */ = {
			isa = XCConfigurationList;
			buildConfigurations = (
				F8804D0D25AC9F020032D089 /* Debug */,
				F8804D0E25AC9F020032D089 /* Release */,
			);
			defaultConfigurationIsVisible = 0;
			defaultConfigurationName = Release;
		};
/* End XCConfigurationList section */
	};
	rootObject = F8804CF025AC9EFF0032D089 /* Project object */;
}
